github.com/FortAwesome/Font-Awesome v0.0.0-20210804190922-7d3d774145ac h1:AjwgwoaDsNEA1Wtc8pgw/BqG7SEk9bKxXPjEPQQ42vY=
github.com/FortAwesome/Font-Awesome v0.0.0-20210804190922-7d3d774145ac/go.mod h1:IUgezN/MFpCDIlFezw3L8j83oeiIuYoj28Miwr/KUYo=
github.com/coley-angel/doc_remote_repo v0.0.0-20220928194628-458ab9bc00e0 h1:L+ZXAZ/inP3gZTgSOJm+bvmb7IxFgfqSG0AJnhdvw8U=
github.com/coley-angel/doc_remote_repo v0.0.0-20220928194628-458ab9bc00e0/go.mod h1:3a6aYiAFcg4rWXoNKCRwsCajzh1K+RHEmgBrajoR4sI=
github.com/coley-angel/remote_doc_repo2 v0.0.0-20220927205856-3a0745c10ad4 h1:mh5baW4/RMez9GUv6GKxnpJAEyPZktqaeuaCftwAyg4=
github.com/coley-angel/remote_doc_repo2 v0.0.0-20220927205856-3a0745c10ad4/go.mod h1:UZ6dwg6rtoRoUhE0gaVlX9pvSt+zC/PcPGsMtYGhSFY=
github.com/coley-angel/remote_doc_repo2 v0.0.0-20220928150722-626022cc1d81 h1:NXoQ1ny3bUq3uMki41LSZ+lvcO7z3PCvXym3LDafm+c=
github.com/coley-angel/remote_doc_repo2 v0.0.0-20220928150722-626022cc1d81/go.mod h1:UZ6dwg6rtoRoUhE0gaVlX9pvSt+zC/PcPGsMtYGhSFY=
github.com/coley-angel/remote_doc_repo2 v0.0.0-20220928151550-494d3b2178c6 h1:i3o9tU70nj9VW2LqYguhSfhnOZG+EoqqpepISHMjxKw=
github.com/coley-angel/remote_doc_repo2 v0.0.0-20220928151550-494d3b2178c6/go.mod h1:UZ6dwg6rtoRoUhE0gaVlX9pvSt+zC/PcPGsMtYGhSFY=
github.com/coley-angel/remote_doc_repo2 v0.0.0-20220928151932-33ffca1d730b h1:iZjXrsofl3M2FsdxNsoykjNvWVqsxhKZ6eDA4D9MDjY=
github.com/coley-angel/remote_doc_repo2 v0.0.0-20220928151932-33ffca1d730b/go.mod h1:UZ6dwg6rtoRoUhE0gaVlX9pvSt+zC/PcPGsMtYGhSFY=
github.com/google/docsy v0.2.0-pre.0.20220404161753-f7b37a0aca2a h1:bnufXLbTD8QCLbqygy/kmYxUK1JINSlHU5rLQYTcFMQ=
github.com/google/docsy v0.2.0-pre.0.20220404161753-f7b37a0aca2a/go.mod h1:yuKLZHMX5CKiLUH55+ePFJaYnoSwUVVffNareaOGQYo=
github.com/google/docsy v0.2.0 h1:DN6wfyyp2rXsjdV1K3wioxOBTRvG6Gg48wLPDso2lc4=
github.com/google/docsy v0.2.0/go.mod h1:shlabwAQakGX6qpXU6Iv/b/SilpHRd7d+xqtZQd3v+8=
github.com/google/docsy v0.4.0 h1:Eyt2aiDC1fnw/Qq/9xnIqUU5n5Yyk4c8gX3nBDdTv/4=
github.com/google/docsy v0.4.0/go.mod h1:vJjGkHNaw9bO42gpFTWwAUzHZWZEVlK46Kx7ikY5c7Y=
github.com/google/docsy/dependencies v0.2.0-pre.0.20220404161753-f7b37a0aca2a h1:fy6IqUmWGMdQngRa7+CP1cRkTseQK7OEsqx6r7dNuSA=
github.com/google/docsy/dependencies v0.2.0-pre.0.20220404161753-f7b37a0aca2a/go.mod h1:oPdn05sNt61uT6K+LqNRhYq1jeqrsbbQMDXkPdPscmA=
github.com/google/docsy/dependencies v0.2.0/go.mod h1:2zZxHF+2qvkyXhLZtsbnqMotxMukJXLaf8fAZER48oo=
github.com/google/docsy/dependencies v0.4.0 h1:FXwyjtuFfPIPBauU2t7uIAgS6VYfJf+OD5pzxGvkQsQ=
github.com/google/docsy/dependencies v0.4.0/go.mod h1:2zZxHF+2qvkyXhLZtsbnqMotxMukJXLaf8fAZER48oo=
github.com/twbs/bootstrap v4.6.1+incompatible h1:75PsBfPU1SS65ag0Z3Cq6JNXVAfUNfB0oCLHh9k9Fu8=
github.com/twbs/bootstrap v4.6.1+incompatible/go.mod h1:fZTSrkpSf0/HkL0IIJzvVspTt1r9zuf7XlZau8kpcY0=
